// !$*UTF8*$!
{
	archiveVersion = 1;
	classes = {
	};
	objectVersion = 77;
	objects = {

/* Begin PBXBuildFile section */
		297E2C2D305214DF0074B56B /* SnapshotTesting in Frameworks */ = {isa = PBXBuildFile; productRef = 297E2C2C305214DF0074B56B /* SnapshotTesting */; };
/* End PBXBuildFile section */

/* Begin PBXContainerItemProxy section */
		293D05C9305139F2008BC1B3 /* PBXContainerItemProxy */ = {
			isa = PBXContainerItemProxy;
			containerPortal = 293D05B3305139ED008BC1B3 /* Project object */;
			proxyType = 1;
			remoteGlobalIDString = 293D05BA305139ED008BC1B3;
			remoteInfo = RickMortyAssignment;
		};
		293D05D3305139F2008BC1B3 /* PBXContainerItemProxy */ = {
			isa = PBXContainerItemProxy;
			containerPortal = 293D05B3305139ED008BC1B3 /* Project object */;
			proxyType = 1;
			remoteGlobalIDString = 293D05BA305139ED008BC1B3;
			remoteInfo = RickMortyAssignment;
		};
/* End PBXContainerItemProxy section */

/* Begin PBXFileReference section */
		293D05BB305139ED008BC1B3 /* RickMortyAssignment.app */ = {isa = PBXFileReference; explicitFileType = wrapper.application; includeInIndex = 0; path = RickMortyAssignment.app; sourceTree = BUILT_PRODUCTS_DIR; };
		293D05C8305139F2008BC1B3 /* RickMortyAssignmentTests.xctest */ = {isa = PBXFileReference; explicitFileType = wrapper.cfbundle; includeInIndex = 0; path = RickMortyAssignmentTests.xctest; sourceTree = BUILT_PRODUCTS_DIR; };
		293D05D2305139F2008BC1B3 /* RickMortyAssignmentUITests.xctest */ = {isa = PBXFileReference; explicitFileType = wrapper.cfbundle; includeInIndex = 0; path = RickMortyAssignmentUITests.xctest; sourceTree = BUILT_PRODUCTS_DIR; };
/* End PBXFileReference section */

/* Begin PBXFileSystemSynchronizedBuildFileExceptionSet section */
		293D05FF30513C92008BC1B3 /* Exceptions for "RickMortyAssignment" folder in "RickMortyAssignmentTests" target */ = {
			isa = PBXFileSystemSynchronizedBuildFileExceptionSet;
			membershipExceptions = (
				Models/APIResponse.swift,
				Models/Character.swift,
				Models/Episode.swift,
				Networking/HTTPClient.swift,
				Networking/HTTPRequest.swift,
				Networking/ImageCache.swift,
				Networking/ImageService.swift,
				Networking/logger/AppLogger.swift,
				Networking/NetworkConfiguration.swift,
				Networking/NetworkError.swift,
				"Persistence/CachedCharacter+Extensions.swift",
				Persistence/PersistenceController.swift,
				Services/StatusService.swift,
				Views/CharacterListEmptyState.swift,
				Views/CharacterRowView.swift,
				Views/Components/ErrorView.swift,
			);
			target = 293D05C7305139F2008BC1B3 /* RickMortyAssignmentTests */;
		};
/* End PBXFileSystemSynchronizedBuildFileExceptionSet section */

/* Begin PBXFileSystemSynchronizedRootGroup section */
		293D05BD305139ED008BC1B3 /* RickMortyAssignment */ = {
			isa = PBXFileSystemSynchronizedRootGroup;
			exceptions = (
				293D05FF30513C92008BC1B3 /* Exceptions for "RickMortyAssignment" folder in "RickMortyAssignmentTests" target */,
			);
			path = RickMortyAssignment;
			sourceTree = "<group>";
		};
		293D05CB305139F2008BC1B3 /* RickMortyAssignmentTests */ = {
			isa = PBXFileSystemSynchronizedRootGroup;
			path = RickMortyAssignmentTests;
			sourceTree = "<group>";
		};
		293D05D5305139F2008BC1B3 /* RickMortyAssignmentUITests */ = {
			isa = PBXFileSystemSynchronizedRootGroup;
			path = RickMortyAssignmentUITests;
			sourceTree = "<group>";
		};
/* End PBXFileSystemSynchronizedRootGroup section */

/* Begin PBXFrameworksBuildPhase section */
		293D05B8305139ED008BC1B3 /* Frameworks */ = {
			isa = PBXFrameworksBuildPhase;
			buildActionMask = 2147483647;
			files = (
			);
			runOnlyForDeploymentPostprocessing = 0;
		};
		293D05C5305139F2008BC1B3 /* Frameworks */ = {
			isa = PBXFrameworksBuildPhase;
			buildActionMask = 2147483647;
			files = (
				297E2C2D305214DF0074B56B /* SnapshotTesting in Frameworks */,
			);
			runOnlyForDeploymentPostprocessing = 0;
		};
		293D05CF305139F2008BC1B3 /* Frameworks */ = {
			isa = PBXFrameworksBuildPhase;
			buildActionMask = 2147483647;
			files = (
			);
			runOnlyForDeploymentPostprocessing = 0;
		};
/* End PBXFrameworksBuildPhase section */

/* Begin PBXGroup section */
		293D05B2305139ED008BC1B3 = {
			isa = PBXGroup;
			children = (
				297E2C32305218F80074B56B /* Screenshots */,
				293D05BD305139ED008BC1B3 /* RickMortyAssignment */,
				293D05CB305139F2008BC1B3 /* RickMortyAssignmentTests */,
				293D05D5305139F2008BC1B3 /* RickMortyAssignmentUITests */,
				293D05BC305139ED008BC1B3 /* Products */,
			);
			sourceTree = "<group>";
		};
		293D05BC305139ED008BC1B3 /* Products */ = {
			isa = PBXGroup;
			children = (
				293D05BB305139ED008BC1B3 /* RickMortyAssignment.app */,
				293D05C8305139F2008BC1B3 /* RickMortyAssignmentTests.xctest */,
				293D05D2305139F2008BC1B3 /* RickMortyAssignmentUITests.xctest */,
			);
			name = Products;
			sourceTree = "<group>";
		};
		297E2C32305218F80074B56B /* Screenshots */ = {
			isa = PBXGroup;
			children = (
			);
			path = Screenshots;
			sourceTree = "<group>";
		};
/* End PBXGroup section */

/* Begin PBXNativeTarget section */
		293D05BA305139ED008BC1B3 /* RickMortyAssignment */ = {
			isa = PBXNativeTarget;
			buildConfigurationList = 293D05DC305139F2008BC1B3 /* Build configuration list for PBXNativeTarget "RickMortyAssignment" */;
			buildPhases = (
				293D05B7305139ED008BC1B3 /* Sources */,
				293D05B8305139ED008BC1B3 /* Frameworks */,
				293D05B9305139ED008BC1B3 /* Resources */,
			);
			buildRules = (
			);
			dependencies = (
			);
			fileSystemSynchronizedGroups = (
				293D05BD305139ED008BC1B3 /* RickMortyAssignment */,
			);
			name = RickMortyAssignment;
			packageProductDependencies = (
			);
			productName = RickMortyAssignment;
			productReference = 293D05BB305139ED008BC1B3 /* RickMortyAssignment.app */;
			productType = "com.apple.product-type.application";
		};
		293D05C7305139F2008BC1B3 /* RickMortyAssignmentTests */ = {
			isa = PBXNativeTarget;
			buildConfigurationList = 293D05DF305139F2008BC1B3 /* Build configuration list for PBXNativeTarget "RickMortyAssignmentTests" */;
			buildPhases = (
				293D05C4305139F2008BC1B3 /* Sources */,
				293D05C5305139F2008BC1B3 /* Frameworks */,
				293D05C6305139F2008BC1B3 /* Resources */,
			);
			buildRules = (
			);
			dependencies = (
				293D05CA305139F2008BC1B3 /* PBXTargetDependency */,
			);
			fileSystemSynchronizedGroups = (
				293D05CB305139F2008BC1B3 /* RickMortyAssignmentTests */,
			);
			name = RickMortyAssignmentTests;
			packageProductDependencies = (
				297E2C2C305214DF0074B56B /* SnapshotTesting */,
			);
			productName = RickMortyAssignmentTests;
			productReference = 293D05C8305139F2008BC1B3 /* RickMortyAssignmentTests.xctest */;
			productType = "com.apple.product-type.bundle.unit-test";
		};
		293D05D1305139F2008BC1B3 /* RickMortyAssignmentUITests */ = {
			isa = PBXNativeTarget;
			buildConfigurationList = 293D05E2305139F2008BC1B3 /* Build configuration list for PBXNativeTarget "RickMortyAssignmentUITests" */;
			buildPhases = (
				293D05CE305139F2008BC1B3 /* Sources */,
				293D05CF305139F2008BC1B3 /* Frameworks */,
				293D05D0305139F2008BC1B3 /* Resources */,
			);
			buildRules = (
			);
			dependencies = (
				293D05D4305139F2008BC1B3 /* PBXTargetDependency */,
			);
			fileSystemSynchronizedGroups = (
				293D05D5305139F2008BC1B3 /* RickMortyAssignmentUITests */,
			);
			name = RickMortyAssignmentUITests;
			packageProductDependencies = (
			);
			productName = RickMortyAssignmentUITests;
			productReference = 293D05D2305139F2008BC1B3 /* RickMortyAssignmentUITests.xctest */;
			productType = "com.apple.product-type.bundle.ui-testing";
		};
/* End PBXNativeTarget section */

/* Begin PBXProject section */
		293D05B3305139ED008BC1B3 /* Project object */ = {
			isa = PBXProject;
			attributes = {
				BuildIndependentTargetsInParallel = 1;
				LastSwiftUpdateCheck = 2660;
				LastUpgradeCheck = 2660;
				TargetAttributes = {
					293D05BA305139ED008BC1B3 = {
						CreatedOnToolsVersion = 26.6;
					};
					293D05C7305139F2008BC1B3 = {
						CreatedOnToolsVersion = 26.6;
						TestTargetID = 293D05BA305139ED008BC1B3;
					};
					293D05D1305139F2008BC1B3 = {
						CreatedOnToolsVersion = 26.6;
						LastSwiftMigration = 2660;
						TestTargetID = 293D05BA305139ED008BC1B3;
					};
				};
			};
			buildConfigurationList = 293D05B6305139ED008BC1B3 /* Build configuration list for PBXProject "RickMortyAssignment" */;
			developmentRegion = en;
			hasScannedForEncodings = 0;
			knownRegions = (
				en,
				Base,
			);
			mainGroup = 293D05B2305139ED008BC1B3;
			minimizedProjectReferenceProxies = 1;
			packageReferences = (
				297E2C2B305214DF0074B56B /* XCRemoteSwiftPackageReference "swift-snapshot-testing" */,
			);
			preferredProjectObjectVersion = 77;
			productRefGroup = 293D05BC305139ED008BC1B3 /* Products */;
			projectDirPath = "";
			projectRoot = "";
			targets = (
				293D05BA305139ED008BC1B3 /* RickMortyAssignment */,
				293D05C7305139F2008BC1B3 /* RickMortyAssignmentTests */,
				293D05D1305139F2008BC1B3 /* RickMortyAssignmentUITests */,
			);
		};
/* End PBXProject section */

/* Begin PBXResourcesBuildPhase section */
		293D05B9305139ED008BC1B3 /* Resources */ = {
			isa = PBXResourcesBuildPhase;
			buildActionMask = 2147483647;
			files = (
			);
			runOnlyForDeploymentPostprocessing = 0;
		};
		293D05C6305139F2008BC1B3 /* Resources */ = {
			isa = PBXResourcesBuildPhase;
			buildActionMask = 2147483647;
			files = (
			);
			runOnlyForDeploymentPostprocessing = 0;
		};
		293D05D0305139F2008BC1B3 /* Resources */ = {
			isa = PBXResourcesBuildPhase;
			buildActionMask = 2147483647;
			files = (
			);
			runOnlyForDeploymentPostprocessing = 0;
		};
/* End PBXResourcesBuildPhase section */

/* Begin PBXSourcesBuildPhase section */
		293D05B7305139ED008BC1B3 /* Sources */ = {
			isa = PBXSourcesBuildPhase;
			buildActionMask = 2147483647;
			files = (
			);
			runOnlyForDeploymentPostprocessing = 0;
		};
		293D05C4305139F2008BC1B3 /* Sources */ = {
			isa = PBXSourcesBuildPhase;
			buildActionMask = 2147483647;
			files = (
			);
			runOnlyForDeploymentPostprocessing = 0;
		};
		293D05CE305139F2008BC1B3 /* Sources */ = {
			isa = PBXSourcesBuildPhase;
			buildActionMask = 2147483647;
			files = (
			);
			runOnlyForDeploymentPostprocessing = 0;
		};
/* End PBXSourcesBuildPhase section */

/* Begin PBXTargetDependency section */
		293D05CA305139F2008BC1B3 /* PBXTargetDependency */ = {
			isa = PBXTargetDependency;
			target = 293D05BA305139ED008BC1B3 /* RickMortyAssignment */;
			targetProxy = 293D05C9305139F2008BC1B3 /* PBXContainerItemProxy */;
		};
		293D05D4305139F2008BC1B3 /* PBXTargetDependency */ = {
			isa = PBXTargetDependency;
			target = 293D05BA305139ED008BC1B3 /* RickMortyAssignment */;
			targetProxy = 293D05D3305139F2008BC1B3 /* PBXContainerItemProxy */;
		};
/* End PBXTargetDependency section */

/* Begin XCBuildConfiguration section */
		293D05DA305139F2008BC1B3 /* Debug */ = {
			isa = XCBuildConfiguration;
			buildSettings = {
				ALWAYS_SEARCH_USER_PATHS = NO;
				ASSETCATALOG_COMPILER_GENERATE_SWIFT_ASSET_SYMBOL_EXTENSIONS = YES;
				CLANG_ANALYZER_NONNULL = YES;
				CLANG_ANALYZER_NUMBER_OBJECT_CONVERSION = YES_AGGRESSIVE;
				CLANG_CXX_LANGUAGE_STANDARD = "gnu++20";
				CLANG_ENABLE_MODULES = YES;
				CLANG_ENABLE_OBJC_ARC = YES;
				CLANG_ENABLE_OBJC_WEAK = YES;
				CLANG_WARN_BLOCK_CAPTURE_AUTORELEASING = YES;
				CLANG_WARN_BOOL_CONVERSION = YES;
				CLANG_WARN_COMMA = YES;
				CLANG_WARN_CONSTANT_CONVERSION = YES;
				CLANG_WARN_DEPRECATED_OBJC_IMPLEMENTATIONS = YES;
				CLANG_WARN_DIRECT_OBJC_ISA_USAGE = YES_ERROR;
				CLANG_WARN_DOCUMENTATION_COMMENTS = YES;
				CLANG_WARN_EMPTY_BODY = YES;
				CLANG_WARN_ENUM_CONVERSION = YES;
				CLANG_WARN_INFINITE_RECURSION = YES;
				CLANG_WARN_INT_CONVERSION = YES;
				CLANG_WARN_NON_LITERAL_NULL_CONVERSION = YES;
				CLANG_WARN_OBJC_IMPLICIT_RETAIN_SELF = YES;
				CLANG_WARN_OBJC_LITERAL_CONVERSION = YES;
				CLANG_WARN_OBJC_ROOT_CLASS = YES_ERROR;
				CLANG_WARN_QUOTED_INCLUDE_IN_FRAMEWORK_HEADER = YES;
				CLANG_WARN_RANGE_LOOP_ANALYSIS = YES;
				CLANG_WARN_STRICT_PROTOTYPES = YES;
				CLANG_WARN_SUSPICIOUS_MOVE = YES;
				CLANG_WARN_UNGUARDED_AVAILABILITY = YES_AGGRESSIVE;
				CLANG_WARN_UNREACHABLE_CODE = YES;
				CLANG_WARN__DUPLICATE_METHOD_MATCH = YES;
				COPY_PHASE_STRIP = NO;
				DEBUG_INFORMATION_FORMAT = dwarf;
				DEVELOPMENT_TEAM = Q26KPJ9ZM2;
				ENABLE_STRICT_OBJC_MSGSEND = YES;
				ENABLE_TESTABILITY = YES;
				ENABLE_USER_SCRIPT_SANDBOXING = YES;
				GCC_C_LANGUAGE_STANDARD = gnu17;
				GCC_DYNAMIC_NO_PIC = NO;
				GCC_NO_COMMON_BLOCKS = YES;
				GCC_OPTIMIZATION_LEVEL = 0;
				GCC_PREPROCESSOR_DEFINITIONS = (
					"DEBUG=1",
					"$(inherited)",
				);
				GCC_WARN_64_TO_32_BIT_CONVERSION = YES;
				GCC_WARN_ABOUT_RETURN_TYPE = YES_ERROR;
				GCC_WARN_UNDECLARED_SELECTOR = YES;
				GCC_WARN_UNINITIALIZED_AUTOS = YES_AGGRESSIVE;
				GCC_WARN_UNUSED_FUNCTION = YES;
				GCC_WARN_UNUSED_VARIABLE = YES;
				IPHONEOS_DEPLOYMENT_TARGET = 26.5;
				LOCALIZATION_PREFERS_STRING_CATALOGS = YES;
				MTL_ENABLE_DEBUG_INFO = INCLUDE_SOURCE;
				MTL_FAST_MATH = YES;
				ONLY_ACTIVE_ARCH = YES;
				SDKROOT = iphoneos;
				SWIFT_ACTIVE_COMPILATION_CONDITIONS = "DEBUG $(inherited)";
				SWIFT_OPTIMIZATION_LEVEL = "-Onone";
			};
			name = Debug;
		};
		293D05DB305139F2008BC1B3 /* Release */ = {
			isa = XCBuildConfiguration;
			buildSettings = {
				ALWAYS_SEARCH_USER_PATHS = NO;
				ASSETCATALOG_COMPILER_GENERATE_SWIFT_ASSET_SYMBOL_EXTENSIONS = YES;
				CLANG_ANALYZER_NONNULL = YES;
				CLANG_ANALYZER_NUMBER_OBJECT_CONVERSION = YES_AGGRESSIVE;
				CLANG_CXX_LANGUAGE_STANDARD = "gnu++20";
				CLANG_ENABLE_MODULES = YES;
				CLANG_ENABLE_OBJC_ARC = YES;
				CLANG_ENABLE_OBJC_WEAK = YES;
				CLANG_WARN_BLOCK_CAPTURE_AUTORELEASING = YES;
				CLANG_WARN_BOOL_CONVERSION = YES;
				CLANG_WARN_COMMA = YES;
				CLANG_WARN_CONSTANT_CONVERSION = YES;
				CLANG_WARN_DEPRECATED_OBJC_IMPLEMENTATIONS = YES;
				CLANG_WARN_DIRECT_OBJC_ISA_USAGE = YES_ERROR;
				CLANG_WARN_DOCUMENTATION_COMMENTS = YES;
				CLANG_WARN_EMPTY_BODY = YES;
				CLANG_WARN_ENUM_CONVERSION = YES;
				CLANG_WARN_INFINITE_RECURSION = YES;
				CLANG_WARN_INT_CONVERSION = YES;
				CLANG_WARN_NON_LITERAL_NULL_CONVERSION = YES;
				CLANG_WARN_OBJC_IMPLICIT_RETAIN_SELF = YES;
				CLANG_WARN_OBJC_LITERAL_CONVERSION = YES;
				CLANG_WARN_OBJC_ROOT_CLASS = YES_ERROR;
				CLANG_WARN_QUOTED_INCLUDE_IN_FRAMEWORK_HEADER = YES;
				CLANG_WARN_RANGE_LOOP_ANALYSIS = YES;
				CLANG_WARN_STRICT_PROTOTYPES = YES;
				CLANG_WARN_SUSPICIOUS_MOVE = YES;
				CLANG_WARN_UNGUARDED_AVAILABILITY = YES_AGGRESSIVE;
				CLANG_WARN_UNREACHABLE_CODE = YES;
				CLANG_WARN__DUPLICATE_METHOD_MATCH = YES;
				COPY_PHASE_STRIP = NO;
				DEBUG_INFORMATION_FORMAT = "dwarf-with-dsym";
				DEVELOPMENT_TEAM = Q26KPJ9ZM2;
				ENABLE_NS_ASSERTIONS = NO;
				ENABLE_STRICT_OBJC_MSGSEND = YES;
				ENABLE_USER_SCRIPT_SANDBOXING = YES;
				GCC_C_LANGUAGE_STANDARD = gnu17;
				GCC_NO_COMMON_BLOCKS = YES;
				GCC_WARN_64_TO_32_BIT_CONVERSION = YES;
				GCC_WARN_ABOUT_RETURN_TYPE = YES_ERROR;
				GCC_WARN_UNDECLARED_SELECTOR = YES;
				GCC_WARN_UNINITIALIZED_AUTOS = YES_AGGRESSIVE;
				GCC_WARN_UNUSED_FUNCTION = YES;
				GCC_WARN_UNUSED_VARIABLE = YES;
				IPHONEOS_DEPLOYMENT_TARGET = 26.5;
				LOCALIZATION_PREFERS_STRING_CATALOGS = YES;
				MTL_ENABLE_DEBUG_INFO = NO;
				MTL_FAST_MATH = YES;
				SDKROOT = iphoneos;
				SWIFT_COMPILATION_MODE = wholemodule;
				VALIDATE_PRODUCT = YES;
			};
			name = Release;
		};
		293D05DD305139F2008BC1B3 /* Debug */ = {
			isa = XCBuildConfiguration;
			buildSettings = {
				ASSETCATALOG_COMPILER_APPICON_NAME = AppIcon;
				ASSETCATALOG_COMPILER_GLOBAL_ACCENT_COLOR_NAME = AccentColor;
				CODE_SIGN_STYLE = Automatic;
				CURRENT_PROJECT_VERSION = 1;
				DEVELOPMENT_TEAM = Q26KPJ9ZM2;
				ENABLE_PREVIEWS = YES;
				GENERATE_INFOPLIST_FILE = YES;
				INFOPLIST_KEY_UIApplicationSceneManifest_Generation = YES;
				INFOPLIST_KEY_UIApplicationSupportsIndirectInputEvents = YES;
				INFOPLIST_KEY_UILaunchScreen_Generation = YES;
				INFOPLIST_KEY_UISupportedInterfaceOrientations_iPad = "UIInterfaceOrientationPortrait UIInterfaceOrientationPortraitUpsideDown UIInterfaceOrientationLandscapeLeft UIInterfaceOrientationLandscapeRight";
				INFOPLIST_KEY_UISupportedInterfaceOrientations_iPhone = "UIInterfaceOrientationPortrait UIInterfaceOrientationLandscapeLeft UIInterfaceOrientationLandscapeRight";
				LD_RUNPATH_SEARCH_PATHS = (
					"$(inherited)",
					"@executable_path/Frameworks",
				);
				MARKETING_VERSION = 1.0;
				PRODUCT_BUNDLE_IDENTIFIER = mo.RickMortyAssignment;
				PRODUCT_NAME = "$(TARGET_NAME)";
				STRING_CATALOG_GENERATE_SYMBOLS = YES;
				SWIFT_APPROACHABLE_CONCURRENCY = YES;
				SWIFT_DEFAULT_ACTOR_ISOLATION = MainActor;
				SWIFT_EMIT_LOC_STRINGS = YES;
				SWIFT_UPCOMING_FEATURE_MEMBER_IMPORT_VISIBILITY = YES;
				SWIFT_VERSION = 5.0;
				TARGETED_DEVICE_FAMILY = "1,2";
			};
			name = Debug;
		};
		293D05DE305139F2008BC1B3 /* Release */ = {
			isa = XCBuildConfiguration;
			buildSettings = {
				ASSETCATALOG_COMPILER_APPICON_NAME = AppIcon;
				ASSETCATALOG_COMPILER_GLOBAL_ACCENT_COLOR_NAME = AccentColor;
				CODE_SIGN_STYLE = Automatic;
				CURRENT_PROJECT_VERSION = 1;
				DEVELOPMENT_TEAM = Q26KPJ9ZM2;
				ENABLE_PREVIEWS = YES;
				GENERATE_INFOPLIST_FILE = YES;
				INFOPLIST_KEY_UIApplicationSceneManifest_Generation = YES;
				INFOPLIST_KEY_UIApplicationSupportsIndirectInputEvents = YES;
				INFOPLIST_KEY_UILaunchScreen_Generation = YES;
				INFOPLIST_KEY_UISupportedInterfaceOrientations_iPad = "UIInterfaceOrientationPortrait UIInterfaceOrientationPortraitUpsideDown UIInterfaceOrientationLandscapeLeft UIInterfaceOrientationLandscapeRight";
				INFOPLIST_KEY_UISupportedInterfaceOrientations_iPhone = "UIInterfaceOrientationPortrait UIInterfaceOrientationLandscapeLeft UIInterfaceOrientationLandscapeRight";
				LD_RUNPATH_SEARCH_PATHS = (
					"$(inherited)",
					"@executable_path/Frameworks",
				);
				MARKETING_VERSION = 1.0;
				PRODUCT_BUNDLE_IDENTIFIER = mo.RickMortyAssignment;
				PRODUCT_NAME = "$(TARGET_NAME)";
				STRING_CATALOG_GENERATE_SYMBOLS = YES;
				SWIFT_APPROACHABLE_CONCURRENCY = YES;
				SWIFT_DEFAULT_ACTOR_ISOLATION = MainActor;
				SWIFT_EMIT_LOC_STRINGS = YES;
				SWIFT_UPCOMING_FEATURE_MEMBER_IMPORT_VISIBILITY = YES;
				SWIFT_VERSION = 5.0;
				TARGETED_DEVICE_FAMILY = "1,2";
			};
			name = Release;
		};
		293D05E0305139F2008BC1B3 /* Debug */ = {
			isa = XCBuildConfiguration;
			buildSettings = {
				BUNDLE_LOADER = "$(TEST_HOST)";
				CODE_SIGN_STYLE = Automatic;
				CURRENT_PROJECT_VERSION = 1;
				DEVELOPMENT_TEAM = Q26KPJ9ZM2;
				GENERATE_INFOPLIST_FILE = YES;
				IPHONEOS_DEPLOYMENT_TARGET = 26.5;
				MARKETING_VERSION = 1.0;
				PRODUCT_BUNDLE_IDENTIFIER = mo.RickMortyAssignmentTests;
				PRODUCT_NAME = "$(TARGET_NAME)";
				STRING_CATALOG_GENERATE_SYMBOLS = NO;
				SWIFT_APPROACHABLE_CONCURRENCY = YES;
				SWIFT_EMIT_LOC_STRINGS = NO;
				SWIFT_UPCOMING_FEATURE_MEMBER_IMPORT_VISIBILITY = YES;
				SWIFT_VERSION = 5.0;
				TARGETED_DEVICE_FAMILY = "1,2";
				TEST_HOST = "$(BUILT_PRODUCTS_DIR)/RickMortyAssignment.app/$(BUNDLE_EXECUTABLE_FOLDER_PATH)/RickMortyAssignment";
			};
			name = Debug;
		};
		293D05E1305139F2008BC1B3 /* Release */ = {
			isa = XCBuildConfiguration;
			buildSettings = {
				BUNDLE_LOADER = "$(TEST_HOST)";
				CODE_SIGN_STYLE = Automatic;
				CURRENT_PROJECT_VERSION = 1;
				DEVELOPMENT_TEAM = Q26KPJ9ZM2;
				GENERATE_INFOPLIST_FILE = YES;
				IPHONEOS_DEPLOYMENT_TARGET = 26.5;
				MARKETING_VERSION = 1.0;
				PRODUCT_BUNDLE_IDENTIFIER = mo.RickMortyAssignmentTests;
				PRODUCT_NAME = "$(TARGET_NAME)";
				STRING_CATALOG_GENERATE_SYMBOLS = NO;
				SWIFT_APPROACHABLE_CONCURRENCY = YES;
				SWIFT_EMIT_LOC_STRINGS = NO;
				SWIFT_UPCOMING_FEATURE_MEMBER_IMPORT_VISIBILITY = YES;
				SWIFT_VERSION = 5.0;
				TARGETED_DEVICE_FAMILY = "1,2";
				TEST_HOST = "$(BUILT_PRODUCTS_DIR)/RickMortyAssignment.app/$(BUNDLE_EXECUTABLE_FOLDER_PATH)/RickMortyAssignment";
			};
			name = Release;
		};
		293D05E3305139F2008BC1B3 /* Debug */ = {
			isa = XCBuildConfiguration;
			buildSettings = {
				CLANG_ENABLE_MODULES = YES;
				CODE_SIGN_STYLE = Automatic;
				CURRENT_PROJECT_VERSION = 1;
				DEVELOPMENT_TEAM = Q26KPJ9ZM2;
				GENERATE_INFOPLIST_FILE = YES;
				MARKETING_VERSION = 1.0;
				PRODUCT_BUNDLE_IDENTIFIER = mo.RickMortyAssignmentUITests;
				PRODUCT_NAME = "$(TARGET_NAME)";
				STRING_CATALOG_GENERATE_SYMBOLS = NO;
				SWIFT_APPROACHABLE_CONCURRENCY = YES;
				SWIFT_EMIT_LOC_STRINGS = NO;
				SWIFT_OBJC_BRIDGING_HEADER = "";
				SWIFT_OPTIMIZATION_LEVEL = "-Onone";
				SWIFT_UPCOMING_FEATURE_MEMBER_IMPORT_VISIBILITY = YES;
				SWIFT_VERSION = 5.0;
				TARGETED_DEVICE_FAMILY = "1,2";
				TEST_TARGET_NAME = RickMortyAssignment;
			};
			name = Debug;
		};
		293D05E4305139F2008BC1B3 /* Release */ = {
			isa = XCBuildConfiguration;
			buildSettings = {
				CLANG_ENABLE_MODULES = YES;
				CODE_SIGN_STYLE = Automatic;
				CURRENT_PROJECT_VERSION = 1;
				DEVELOPMENT_TEAM = Q26KPJ9ZM2;
				GENERATE_INFOPLIST_FILE = YES;
				MARKETING_VERSION = 1.0;
				PRODUCT_BUNDLE_IDENTIFIER = mo.RickMortyAssignmentUITests;
				PRODUCT_NAME = "$(TARGET_NAME)";
				STRING_CATALOG_GENERATE_SYMBOLS = NO;
				SWIFT_APPROACHABLE_CONCURRENCY = YES;
				SWIFT_EMIT_LOC_STRINGS = NO;
				SWIFT_OBJC_BRIDGING_HEADER = "";
				SWIFT_UPCOMING_FEATURE_MEMBER_IMPORT_VISIBILITY = YES;
				SWIFT_VERSION = 5.0;
				TARGETED_DEVICE_FAMILY = "1,2";
				TEST_TARGET_NAME = RickMortyAssignment;
			};
			name = Release;
		};
/* End XCBuildConfiguration section */

/* Begin XCConfigurationList section */
		293D05B6305139ED008BC1B3 /* Build configuration list for PBXProject "RickMortyAssignment" */ = {
			isa = XCConfigurationList;
			buildConfigurations = (
				293D05DA305139F2008BC1B3 /* Debug */,
				293D05DB305139F2008BC1B3 /* Release */,
			);
			defaultConfigurationIsVisible = 0;
			defaultConfigurationName = Release;
		};
		293D05DC305139F2008BC1B3 /* Build configuration list for PBXNativeTarget "RickMortyAssignment" */ = {
			isa = XCConfigurationList;
			buildConfigurations = (
				293D05DD305139F2008BC1B3 /* Debug */,
				293D05DE305139F2008BC1B3 /* Release */,
			);
			defaultConfigurationIsVisible = 0;
			defaultConfigurationName = Release;
		};
		293D05DF305139F2008BC1B3 /* Build configuration list for PBXNativeTarget "RickMortyAssignmentTests" */ = {
			isa = XCConfigurationList;
			buildConfigurations = (
				293D05E0305139F2008BC1B3 /* Debug */,
				293D05E1305139F2008BC1B3 /* Release */,
			);
			defaultConfigurationIsVisible = 0;
			defaultConfigurationName = Release;
		};
		293D05E2305139F2008BC1B3 /* Build configuration list for PBXNativeTarget "RickMortyAssignmentUITests" */ = {
			isa = XCConfigurationList;
			buildConfigurations = (
				293D05E3305139F2008BC1B3 /* Debug */,
				293D05E4305139F2008BC1B3 /* Release */,
			);
			defaultConfigurationIsVisible = 0;
			defaultConfigurationName = Release;
		};
/* End XCConfigurationList section */

/* Begin XCRemoteSwiftPackageReference section */
		297E2C2B305214DF0074B56B /* XCRemoteSwiftPackageReference "swift-snapshot-testing" */ = {
			isa = XCRemoteSwiftPackageReference;
			repositoryURL = "https://github.com/pointfreeco/swift-snapshot-testing";
			requirement = {
				kind = upToNextMajorVersion;
				minimumVersion = 1.19.4;
			};
		};
/* End XCRemoteSwiftPackageReference section */

/* Begin XCSwiftPackageProductDependency section */
		297E2C2C305214DF0074B56B /* SnapshotTesting */ = {
			isa = XCSwiftPackageProductDependency;
			package = 297E2C2B305214DF0074B56B /* XCRemoteSwiftPackageReference "swift-snapshot-testing" */;
			productName = SnapshotTesting;
		};
/* End XCSwiftPackageProductDependency section */
	};
	rootObject = 293D05B3305139ED008BC1B3 /* Project object */;
}
